
Microsoft Visual Studio Solution File, Format Version 12.00
# Visual Studio 15
VisualStudioVersion = 15.0.27004.2002
MinimumVisualStudioVersion = 10.0.40219.1
Project("{2150E333-8FDC-42A3-9474-1A3956D46DE8}") = "Solution Items", "Solution Items", "{36738DD3-4CE5-4877-AC28-D14E16160FA0}"
	ProjectSection(SolutionItems) = preProject
		Backup SRC.cmd = Backup SRC.cmd
		CODE_OF_CONDUCT.md = CODE_OF_CONDUCT.md
		LICENSE = LICENSE
		Package.nuspec = Package.nuspec
		README.md = README.md
		Solution.build = Solution.build
		TestSettings1.testsettings = TestSettings1.testsettings
	EndProjectSection
EndProject
Project("{FAE04EC0-301F-11D3-BF4B-00C04F79EFBC}") = "msxc", "msxc\msxc.csproj", "{DF4E5C1B-02E6-4C72-A96C-D5397F84E59F}"
EndProject
Project("{7CF6DF6D-3B04-46F8-A40B-537D21BCA0B4}") = "Monkey Speak Extended  Help", "Monkey Speak Extended\Monkey Speak Extended  Help.shfbproj", "{13740822-D8C6-4BC3-A702-3957466AFB2E}"
EndProject
Project("{F184B08F-C81C-45F6-A57F-5ABD9991F28F}") = "MonkeyspeakTestVB", "UnitTests\MonkeyspeakTestVB\MonkeyspeakTestVB.vbproj", "{3F32804A-6C3A-49AA-82A9-9AF527683209}"
EndProject
Project("{2150E333-8FDC-42A3-9474-1A3956D46DE8}") = "UnitTests", "UnitTests", "{662F6D80-BE7A-4AC1-AB82-58474D346091}"
EndProject
Project("{FAE04EC0-301F-11D3-BF4B-00C04F79EFBC}") = "MonkeyspeakTest", "UnitTests\MonkeyspeakTest\MonkeyspeakTest.csproj", "{44FF51A1-8FF5-444D-B36A-FE89685540A3}"
EndProject
Project("{FAE04EC0-301F-11D3-BF4B-00C04F79EFBC}") = "Monkeyspeak", "MonkeySpeakEx\Monkeyspeak.csproj", "{51B6668D-9904-4FA4-8FB8-6A1395B3104D}"
EndProject
Global
	GlobalSection(SolutionConfigurationPlatforms) = preSolution
		Debug|Any CPU = Debug|Any CPU
		Debug|Mixed Platforms = Debug|Mixed Platforms
		Debug|x64 = Debug|x64
		Debug|x86 = Debug|x86
		Release|Any CPU = Release|Any CPU
		Release|Mixed Platforms = Release|Mixed Platforms
		Release|x64 = Release|x64
		Release|x86 = Release|x86
		Restore|Any CPU = Restore|Any CPU
		Restore|Mixed Platforms = Restore|Mixed Platforms
		Restore|x64 = Restore|x64
		Restore|x86 = Restore|x86
		Special|Any CPU = Special|Any CPU
		Special|Mixed Platforms = Special|Mixed Platforms
		Special|x64 = Special|x64
		Special|x86 = Special|x86
		Wix|Any CPU = Wix|Any CPU
		Wix|Mixed Platforms = Wix|Mixed Platforms
		Wix|x64 = Wix|x64
		Wix|x86 = Wix|x86
	EndGlobalSection
	GlobalSection(ProjectConfigurationPlatforms) = postSolution
		{DF4E5C1B-02E6-4C72-A96C-D5397F84E59F}.Debug|Any CPU.ActiveCfg = Debug|x86
		{DF4E5C1B-02E6-4C72-A96C-D5397F84E59F}.Debug|Mixed Platforms.ActiveCfg = Debug|x86
		{DF4E5C1B-02E6-4C72-A96C-D5397F84E59F}.Debug|Mixed Platforms.Build.0 = Debug|x86
		{DF4E5C1B-02E6-4C72-A96C-D5397F84E59F}.Debug|x64.ActiveCfg = Debug|x86
		{DF4E5C1B-02E6-4C72-A96C-D5397F84E59F}.Debug|x86.ActiveCfg = Debug|x86
		{DF4E5C1B-02E6-4C72-A96C-D5397F84E59F}.Debug|x86.Build.0 = Debug|x86
		{DF4E5C1B-02E6-4C72-A96C-D5397F84E59F}.Release|Any CPU.ActiveCfg = Release|x86
		{DF4E5C1B-02E6-4C72-A96C-D5397F84E59F}.Release|Mixed Platforms.ActiveCfg = Release|x86
		{DF4E5C1B-02E6-4C72-A96C-D5397F84E59F}.Release|Mixed Platforms.Build.0 = Release|x86
		{DF4E5C1B-02E6-4C72-A96C-D5397F84E59F}.Release|x64.ActiveCfg = Release|x86
		{DF4E5C1B-02E6-4C72-A96C-D5397F84E59F}.Release|x86.ActiveCfg = Release|x86
		{DF4E5C1B-02E6-4C72-A96C-D5397F84E59F}.Release|x86.Build.0 = Release|x86
		{DF4E5C1B-02E6-4C72-A96C-D5397F84E59F}.Restore|Any CPU.ActiveCfg = Restore|x86
		{DF4E5C1B-02E6-4C72-A96C-D5397F84E59F}.Restore|Mixed Platforms.ActiveCfg = Restore|x86
		{DF4E5C1B-02E6-4C72-A96C-D5397F84E59F}.Restore|Mixed Platforms.Build.0 = Restore|x86
		{DF4E5C1B-02E6-4C72-A96C-D5397F84E59F}.Restore|x64.ActiveCfg = Restore|x86
		{DF4E5C1B-02E6-4C72-A96C-D5397F84E59F}.Restore|x86.ActiveCfg = Restore|x86
		{DF4E5C1B-02E6-4C72-A96C-D5397F84E59F}.Restore|x86.Build.0 = Restore|x86
		{DF4E5C1B-02E6-4C72-A96C-D5397F84E59F}.Special|Any CPU.ActiveCfg = Release|x86
		{DF4E5C1B-02E6-4C72-A96C-D5397F84E59F}.Special|Any CPU.Build.0 = Release|x86
		{DF4E5C1B-02E6-4C72-A96C-D5397F84E59F}.Special|Mixed Platforms.ActiveCfg = Release|x86
		{DF4E5C1B-02E6-4C72-A96C-D5397F84E59F}.Special|Mixed Platforms.Build.0 = Release|x86
		{DF4E5C1B-02E6-4C72-A96C-D5397F84E59F}.Special|x64.ActiveCfg = Restore|x86
		{DF4E5C1B-02E6-4C72-A96C-D5397F84E59F}.Special|x64.Build.0 = Restore|x86
		{DF4E5C1B-02E6-4C72-A96C-D5397F84E59F}.Special|x86.ActiveCfg = Release|x86
		{DF4E5C1B-02E6-4C72-A96C-D5397F84E59F}.Special|x86.Build.0 = Release|x86
		{DF4E5C1B-02E6-4C72-A96C-D5397F84E59F}.Wix|Any CPU.ActiveCfg = Release|x86
		{DF4E5C1B-02E6-4C72-A96C-D5397F84E59F}.Wix|Any CPU.Build.0 = Release|x86
		{DF4E5C1B-02E6-4C72-A96C-D5397F84E59F}.Wix|Mixed Platforms.ActiveCfg = Release|x86
		{DF4E5C1B-02E6-4C72-A96C-D5397F84E59F}.Wix|Mixed Platforms.Build.0 = Release|x86
		{DF4E5C1B-02E6-4C72-A96C-D5397F84E59F}.Wix|x64.ActiveCfg = Restore|x86
		{DF4E5C1B-02E6-4C72-A96C-D5397F84E59F}.Wix|x64.Build.0 = Restore|x86
		{DF4E5C1B-02E6-4C72-A96C-D5397F84E59F}.Wix|x86.ActiveCfg = Release|x86
		{DF4E5C1B-02E6-4C72-A96C-D5397F84E59F}.Wix|x86.Build.0 = Release|x86
		{13740822-D8C6-4BC3-A702-3957466AFB2E}.Debug|Any CPU.ActiveCfg = Debug|Any CPU
		{13740822-D8C6-4BC3-A702-3957466AFB2E}.Debug|Any CPU.Build.0 = Debug|Any CPU
		{13740822-D8C6-4BC3-A702-3957466AFB2E}.Debug|Mixed Platforms.ActiveCfg = Debug|Any CPU
		{13740822-D8C6-4BC3-A702-3957466AFB2E}.Debug|Mixed Platforms.Build.0 = Debug|Any CPU
		{13740822-D8C6-4BC3-A702-3957466AFB2E}.Debug|x64.ActiveCfg = Debug|Any CPU
		{13740822-D8C6-4BC3-A702-3957466AFB2E}.Debug|x64.Build.0 = Debug|Any CPU
		{13740822-D8C6-4BC3-A702-3957466AFB2E}.Debug|x86.ActiveCfg = Debug|Any CPU
		{13740822-D8C6-4BC3-A702-3957466AFB2E}.Debug|x86.Build.0 = Debug|Any CPU
		{13740822-D8C6-4BC3-A702-3957466AFB2E}.Release|Any CPU.ActiveCfg = Release|Any CPU
		{13740822-D8C6-4BC3-A702-3957466AFB2E}.Release|Any CPU.Build.0 = Release|Any CPU
		{13740822-D8C6-4BC3-A702-3957466AFB2E}.Release|Mixed Platforms.ActiveCfg = Release|Any CPU
		{13740822-D8C6-4BC3-A702-3957466AFB2E}.Release|Mixed Platforms.Build.0 = Release|Any CPU
		{13740822-D8C6-4BC3-A702-3957466AFB2E}.Release|x64.ActiveCfg = Release|Any CPU
		{13740822-D8C6-4BC3-A702-3957466AFB2E}.Release|x64.Build.0 = Release|Any CPU
		{13740822-D8C6-4BC3-A702-3957466AFB2E}.Release|x86.ActiveCfg = Release|Any CPU
		{13740822-D8C6-4BC3-A702-3957466AFB2E}.Release|x86.Build.0 = Release|Any CPU
		{13740822-D8C6-4BC3-A702-3957466AFB2E}.Restore|Any CPU.ActiveCfg = Restore|Any CPU
		{13740822-D8C6-4BC3-A702-3957466AFB2E}.Restore|Any CPU.Build.0 = Restore|Any CPU
		{13740822-D8C6-4BC3-A702-3957466AFB2E}.Restore|Mixed Platforms.ActiveCfg = Restore|Any CPU
		{13740822-D8C6-4BC3-A702-3957466AFB2E}.Restore|Mixed Platforms.Build.0 = Restore|Any CPU
		{13740822-D8C6-4BC3-A702-3957466AFB2E}.Restore|x64.ActiveCfg = Restore|Any CPU
		{13740822-D8C6-4BC3-A702-3957466AFB2E}.Restore|x64.Build.0 = Restore|Any CPU
		{13740822-D8C6-4BC3-A702-3957466AFB2E}.Restore|x86.ActiveCfg = Restore|Any CPU
		{13740822-D8C6-4BC3-A702-3957466AFB2E}.Restore|x86.Build.0 = Restore|Any CPU
		{13740822-D8C6-4BC3-A702-3957466AFB2E}.Special|Any CPU.ActiveCfg = Release|Any CPU
		{13740822-D8C6-4BC3-A702-3957466AFB2E}.Special|Any CPU.Build.0 = Release|Any CPU
		{13740822-D8C6-4BC3-A702-3957466AFB2E}.Special|Mixed Platforms.ActiveCfg = Release|Any CPU
		{13740822-D8C6-4BC3-A702-3957466AFB2E}.Special|Mixed Platforms.Build.0 = Release|Any CPU
		{13740822-D8C6-4BC3-A702-3957466AFB2E}.Special|x64.ActiveCfg = Restore|Any CPU
		{13740822-D8C6-4BC3-A702-3957466AFB2E}.Special|x64.Build.0 = Restore|Any CPU
		{13740822-D8C6-4BC3-A702-3957466AFB2E}.Special|x86.ActiveCfg = Release|Any CPU
		{13740822-D8C6-4BC3-A702-3957466AFB2E}.Special|x86.Build.0 = Release|Any CPU
		{13740822-D8C6-4BC3-A702-3957466AFB2E}.Wix|Any CPU.ActiveCfg = Release|Any CPU
		{13740822-D8C6-4BC3-A702-3957466AFB2E}.Wix|Any CPU.Build.0 = Release|Any CPU
		{13740822-D8C6-4BC3-A702-3957466AFB2E}.Wix|Mixed Platforms.ActiveCfg = Release|Any CPU
		{13740822-D8C6-4BC3-A702-3957466AFB2E}.Wix|Mixed Platforms.Build.0 = Release|Any CPU
		{13740822-D8C6-4BC3-A702-3957466AFB2E}.Wix|x64.ActiveCfg = Restore|Any CPU
		{13740822-D8C6-4BC3-A702-3957466AFB2E}.Wix|x64.Build.0 = Restore|Any CPU
		{13740822-D8C6-4BC3-A702-3957466AFB2E}.Wix|x86.ActiveCfg = Release|Any CPU
		{13740822-D8C6-4BC3-A702-3957466AFB2E}.Wix|x86.Build.0 = Release|Any CPU
		{3F32804A-6C3A-49AA-82A9-9AF527683209}.Debug|Any CPU.ActiveCfg = Debug|x86
		{3F32804A-6C3A-49AA-82A9-9AF527683209}.Debug|Mixed Platforms.ActiveCfg = Debug|x86
		{3F32804A-6C3A-49AA-82A9-9AF527683209}.Debug|Mixed Platforms.Build.0 = Debug|x86
		{3F32804A-6C3A-49AA-82A9-9AF527683209}.Debug|x64.ActiveCfg = Debug|x86
		{3F32804A-6C3A-49AA-82A9-9AF527683209}.Debug|x86.ActiveCfg = Debug|x86
		{3F32804A-6C3A-49AA-82A9-9AF527683209}.Debug|x86.Build.0 = Debug|x86
		{3F32804A-6C3A-49AA-82A9-9AF527683209}.Release|Any CPU.ActiveCfg = Release|x86
		{3F32804A-6C3A-49AA-82A9-9AF527683209}.Release|Mixed Platforms.ActiveCfg = Release|x86
		{3F32804A-6C3A-49AA-82A9-9AF527683209}.Release|Mixed Platforms.Build.0 = Release|x86
		{3F32804A-6C3A-49AA-82A9-9AF527683209}.Release|x64.ActiveCfg = Release|x86
		{3F32804A-6C3A-49AA-82A9-9AF527683209}.Release|x86.ActiveCfg = Release|x86
		{3F32804A-6C3A-49AA-82A9-9AF527683209}.Release|x86.Build.0 = Release|x86
		{3F32804A-6C3A-49AA-82A9-9AF527683209}.Restore|Any CPU.ActiveCfg = Restore|x86
		{3F32804A-6C3A-49AA-82A9-9AF527683209}.Restore|Mixed Platforms.ActiveCfg = Restore|x86
		{3F32804A-6C3A-49AA-82A9-9AF527683209}.Restore|Mixed Platforms.Build.0 = Restore|x86
		{3F32804A-6C3A-49AA-82A9-9AF527683209}.Restore|x64.ActiveCfg = Restore|x86
		{3F32804A-6C3A-49AA-82A9-9AF527683209}.Restore|x86.ActiveCfg = Restore|x86
		{3F32804A-6C3A-49AA-82A9-9AF527683209}.Restore|x86.Build.0 = Restore|x86
		{3F32804A-6C3A-49AA-82A9-9AF527683209}.Special|Any CPU.ActiveCfg = Release|x86
		{3F32804A-6C3A-49AA-82A9-9AF527683209}.Special|Any CPU.Build.0 = Release|x86
		{3F32804A-6C3A-49AA-82A9-9AF527683209}.Special|Mixed Platforms.ActiveCfg = Release|x86
		{3F32804A-6C3A-49AA-82A9-9AF527683209}.Special|Mixed Platforms.Build.0 = Release|x86
		{3F32804A-6C3A-49AA-82A9-9AF527683209}.Special|x64.ActiveCfg = Restore|x86
		{3F32804A-6C3A-49AA-82A9-9AF527683209}.Special|x64.Build.0 = Restore|x86
		{3F32804A-6C3A-49AA-82A9-9AF527683209}.Special|x86.ActiveCfg = Release|x86
		{3F32804A-6C3A-49AA-82A9-9AF527683209}.Special|x86.Build.0 = Release|x86
		{3F32804A-6C3A-49AA-82A9-9AF527683209}.Wix|Any CPU.ActiveCfg = Release|x86
		{3F32804A-6C3A-49AA-82A9-9AF527683209}.Wix|Any CPU.Build.0 = Release|x86
		{3F32804A-6C3A-49AA-82A9-9AF527683209}.Wix|Mixed Platforms.ActiveCfg = Release|x86
		{3F32804A-6C3A-49AA-82A9-9AF527683209}.Wix|Mixed Platforms.Build.0 = Release|x86
		{3F32804A-6C3A-49AA-82A9-9AF527683209}.Wix|x64.ActiveCfg = Restore|x86
		{3F32804A-6C3A-49AA-82A9-9AF527683209}.Wix|x64.Build.0 = Restore|x86
		{3F32804A-6C3A-49AA-82A9-9AF527683209}.Wix|x86.ActiveCfg = Release|x86
		{3F32804A-6C3A-49AA-82A9-9AF527683209}.Wix|x86.Build.0 = Release|x86
		{44FF51A1-8FF5-444D-B36A-FE89685540A3}.Debug|Any CPU.ActiveCfg = Debug|Any CPU
		{44FF51A1-8FF5-444D-B36A-FE89685540A3}.Debug|Any CPU.Build.0 = Debug|Any CPU
		{44FF51A1-8FF5-444D-B36A-FE89685540A3}.Debug|Mixed Platforms.ActiveCfg = Debug|Any CPU
		{44FF51A1-8FF5-444D-B36A-FE89685540A3}.Debug|Mixed Platforms.Build.0 = Debug|Any CPU
		{44FF51A1-8FF5-444D-B36A-FE89685540A3}.Debug|x64.ActiveCfg = Debug|Any CPU
		{44FF51A1-8FF5-444D-B36A-FE89685540A3}.Debug|x64.Build.0 = Debug|Any CPU
		{44FF51A1-8FF5-444D-B36A-FE89685540A3}.Debug|x86.ActiveCfg = Debug|Any CPU
		{44FF51A1-8FF5-444D-B36A-FE89685540A3}.Debug|x86.Build.0 = Debug|Any CPU
		{44FF51A1-8FF5-444D-B36A-FE89685540A3}.Release|Any CPU.ActiveCfg = Release|Any CPU
		{44FF51A1-8FF5-444D-B36A-FE89685540A3}.Release|Any CPU.Build.0 = Release|Any CPU
		{44FF51A1-8FF5-444D-B36A-FE89685540A3}.Release|Mixed Platforms.ActiveCfg = Release|Any CPU
		{44FF51A1-8FF5-444D-B36A-FE89685540A3}.Release|Mixed Platforms.Build.0 = Release|Any CPU
		{44FF51A1-8FF5-444D-B36A-FE89685540A3}.Release|x64.ActiveCfg = Release|Any CPU
		{44FF51A1-8FF5-444D-B36A-FE89685540A3}.Release|x64.Build.0 = Release|Any CPU
		{44FF51A1-8FF5-444D-B36A-FE89685540A3}.Release|x86.ActiveCfg = Release|Any CPU
		{44FF51A1-8FF5-444D-B36A-FE89685540A3}.Release|x86.Build.0 = Release|Any CPU
		{44FF51A1-8FF5-444D-B36A-FE89685540A3}.Restore|Any CPU.ActiveCfg = Restore|Any CPU
		{44FF51A1-8FF5-444D-B36A-FE89685540A3}.Restore|Any CPU.Build.0 = Restore|Any CPU
		{44FF51A1-8FF5-444D-B36A-FE89685540A3}.Restore|Mixed Platforms.ActiveCfg = Restore|Any CPU
		{44FF51A1-8FF5-444D-B36A-FE89685540A3}.Restore|Mixed Platforms.Build.0 = Restore|Any CPU
		{44FF51A1-8FF5-444D-B36A-FE89685540A3}.Restore|x64.ActiveCfg = Restore|Any CPU
		{44FF51A1-8FF5-444D-B36A-FE89685540A3}.Restore|x64.Build.0 = Restore|Any CPU
		{44FF51A1-8FF5-444D-B36A-FE89685540A3}.Restore|x86.ActiveCfg = Restore|Any CPU
		{44FF51A1-8FF5-444D-B36A-FE89685540A3}.Restore|x86.Build.0 = Restore|Any CPU
		{44FF51A1-8FF5-444D-B36A-FE89685540A3}.Special|Any CPU.ActiveCfg = Release|Any CPU
		{44FF51A1-8FF5-444D-B36A-FE89685540A3}.Special|Any CPU.Build.0 = Release|Any CPU
		{44FF51A1-8FF5-444D-B36A-FE89685540A3}.Special|Mixed Platforms.ActiveCfg = Release|Any CPU
		{44FF51A1-8FF5-444D-B36A-FE89685540A3}.Special|Mixed Platforms.Build.0 = Release|Any CPU
		{44FF51A1-8FF5-444D-B36A-FE89685540A3}.Special|x64.ActiveCfg = Restore|Any CPU
		{44FF51A1-8FF5-444D-B36A-FE89685540A3}.Special|x64.Build.0 = Restore|Any CPU
		{44FF51A1-8FF5-444D-B36A-FE89685540A3}.Special|x86.ActiveCfg = Release|Any CPU
		{44FF51A1-8FF5-444D-B36A-FE89685540A3}.Special|x86.Build.0 = Release|Any CPU
		{44FF51A1-8FF5-444D-B36A-FE89685540A3}.Wix|Any CPU.ActiveCfg = Release|Any CPU
		{44FF51A1-8FF5-444D-B36A-FE89685540A3}.Wix|Any CPU.Build.0 = Release|Any CPU
		{44FF51A1-8FF5-444D-B36A-FE89685540A3}.Wix|Mixed Platforms.ActiveCfg = Release|Any CPU
		{44FF51A1-8FF5-444D-B36A-FE89685540A3}.Wix|Mixed Platforms.Build.0 = Release|Any CPU
		{44FF51A1-8FF5-444D-B36A-FE89685540A3}.Wix|x64.ActiveCfg = Restore|Any CPU
		{44FF51A1-8FF5-444D-B36A-FE89685540A3}.Wix|x64.Build.0 = Restore|Any CPU
		{44FF51A1-8FF5-444D-B36A-FE89685540A3}.Wix|x86.ActiveCfg = Release|Any CPU
		{44FF51A1-8FF5-444D-B36A-FE89685540A3}.Wix|x86.Build.0 = Release|Any CPU
		{51B6668D-9904-4FA4-8FB8-6A1395B3104D}.Debug|Any CPU.ActiveCfg = Debug|Any CPU
		{51B6668D-9904-4FA4-8FB8-6A1395B3104D}.Debug|Any CPU.Build.0 = Debug|Any CPU
		{51B6668D-9904-4FA4-8FB8-6A1395B3104D}.Debug|Mixed Platforms.ActiveCfg = Debug|Any CPU
		{51B6668D-9904-4FA4-8FB8-6A1395B3104D}.Debug|Mixed Platforms.Build.0 = Debug|Any CPU
		{51B6668D-9904-4FA4-8FB8-6A1395B3104D}.Debug|x64.ActiveCfg = Debug|x64
		{51B6668D-9904-4FA4-8FB8-6A1395B3104D}.Debug|x64.Build.0 = Debug|x64
		{51B6668D-9904-4FA4-8FB8-6A1395B3104D}.Debug|x86.ActiveCfg = Debug|Any CPU
		{51B6668D-9904-4FA4-8FB8-6A1395B3104D}.Debug|x86.Build.0 = Debug|Any CPU
		{51B6668D-9904-4FA4-8FB8-6A1395B3104D}.Release|Any CPU.ActiveCfg = Release|Any CPU
		{51B6668D-9904-4FA4-8FB8-6A1395B3104D}.Release|Any CPU.Build.0 = Release|Any CPU
		{51B6668D-9904-4FA4-8FB8-6A1395B3104D}.Release|Mixed Platforms.ActiveCfg = Release|Any CPU
		{51B6668D-9904-4FA4-8FB8-6A1395B3104D}.Release|Mixed Platforms.Build.0 = Release|Any CPU
		{51B6668D-9904-4FA4-8FB8-6A1395B3104D}.Release|x64.ActiveCfg = Release|x64
		{51B6668D-9904-4FA4-8FB8-6A1395B3104D}.Release|x64.Build.0 = Release|x64
		{51B6668D-9904-4FA4-8FB8-6A1395B3104D}.Release|x86.ActiveCfg = Release|Any CPU
		{51B6668D-9904-4FA4-8FB8-6A1395B3104D}.Release|x86.Build.0 = Release|Any CPU
		{51B6668D-9904-4FA4-8FB8-6A1395B3104D}.Restore|Any CPU.ActiveCfg = Release|Any CPU
		{51B6668D-9904-4FA4-8FB8-6A1395B3104D}.Restore|Any CPU.Build.0 = Release|Any CPU
		{51B6668D-9904-4FA4-8FB8-6A1395B3104D}.Restore|Mixed Platforms.ActiveCfg = Release|Any CPU
		{51B6668D-9904-4FA4-8FB8-6A1395B3104D}.Restore|Mixed Platforms.Build.0 = Release|Any CPU
		{51B6668D-9904-4FA4-8FB8-6A1395B3104D}.Restore|x64.ActiveCfg = Release|x64
		{51B6668D-9904-4FA4-8FB8-6A1395B3104D}.Restore|x64.Build.0 = Release|x64
		{51B6668D-9904-4FA4-8FB8-6A1395B3104D}.Restore|x86.ActiveCfg = Release|Any CPU
		{51B6668D-9904-4FA4-8FB8-6A1395B3104D}.Restore|x86.Build.0 = Release|Any CPU
		{51B6668D-9904-4FA4-8FB8-6A1395B3104D}.Special|Any CPU.ActiveCfg = Special|Any CPU
		{51B6668D-9904-4FA4-8FB8-6A1395B3104D}.Special|Any CPU.Build.0 = Special|Any CPU
		{51B6668D-9904-4FA4-8FB8-6A1395B3104D}.Special|Mixed Platforms.ActiveCfg = Special|Any CPU
		{51B6668D-9904-4FA4-8FB8-6A1395B3104D}.Special|Mixed Platforms.Build.0 = Special|Any CPU
		{51B6668D-9904-4FA4-8FB8-6A1395B3104D}.Special|x64.ActiveCfg = Special|x64
		{51B6668D-9904-4FA4-8FB8-6A1395B3104D}.Special|x64.Build.0 = Special|x64
		{51B6668D-9904-4FA4-8FB8-6A1395B3104D}.Special|x86.ActiveCfg = Special|Any CPU
		{51B6668D-9904-4FA4-8FB8-6A1395B3104D}.Special|x86.Build.0 = Special|Any CPU
		{51B6668D-9904-4FA4-8FB8-6A1395B3104D}.Wix|Any CPU.ActiveCfg = Special|Any CPU
		{51B6668D-9904-4FA4-8FB8-6A1395B3104D}.Wix|Any CPU.Build.0 = Special|Any CPU
		{51B6668D-9904-4FA4-8FB8-6A1395B3104D}.Wix|Mixed Platforms.ActiveCfg = Special|Any CPU
		{51B6668D-9904-4FA4-8FB8-6A1395B3104D}.Wix|Mixed Platforms.Build.0 = Special|Any CPU
		{51B6668D-9904-4FA4-8FB8-6A1395B3104D}.Wix|x64.ActiveCfg = Special|x64
		{51B6668D-9904-4FA4-8FB8-6A1395B3104D}.Wix|x64.Build.0 = Special|x64
		{51B6668D-9904-4FA4-8FB8-6A1395B3104D}.Wix|x86.ActiveCfg = Special|Any CPU
		{51B6668D-9904-4FA4-8FB8-6A1395B3104D}.Wix|x86.Build.0 = Special|Any CPU
	EndGlobalSection
	GlobalSection(SolutionProperties) = preSolution
		HideSolutionNode = FALSE
	EndGlobalSection
	GlobalSection(NestedProjects) = preSolution
		{3F32804A-6C3A-49AA-82A9-9AF527683209} = {662F6D80-BE7A-4AC1-AB82-58474D346091}
		{44FF51A1-8FF5-444D-B36A-FE89685540A3} = {662F6D80-BE7A-4AC1-AB82-58474D346091}
	EndGlobalSection
	GlobalSection(ExtensibilityGlobals) = postSolution
		SolutionGuid = {4BF8D41C-4F24-4F0E-BAEA-38851F7F00B5}
	EndGlobalSection
	GlobalSection(SubversionScc) = preSolution
		Svn-Managed = True
		Manager = AnkhSVN - Subversion Support for Visual Studio
	EndGlobalSection
	GlobalSection(TestCaseManagementSettings) = postSolution
		CategoryFile = Monkeyspeak.vsmdi
	EndGlobalSection
EndGlobal
